// !$*UTF8*$!
{
	archiveVersion = 1;
	classes = {
	};
	objectVersion = 56;
	objects = {

/* Begin PBXBuildFile section */
		E28550302AAC3BBA002B9C40 /* AppDelegate.swift in Sources */ = {isa = PBXBuildFile; fileRef = E285502F2AAC3BBA002B9C40 /* AppDelegate.swift */; };
		E28550342AAC3BBA002B9C40 /* ViewController.swift in Sources */ = {isa = PBXBuildFile; fileRef = E28550332AAC3BBA002B9C40 /* ViewController.swift */; };
		E28550372AAC3BBA002B9C40 /* Main.storyboard in Resources */ = {isa = PBXBuildFile; fileRef = E28550352AAC3BBA002B9C40 /* Main.storyboard */; };
		E28550392AAC3BBC002B9C40 /* Assets.xcassets in Resources */ = {isa = PBXBuildFile; fileRef = E28550382AAC3BBC002B9C40 /* Assets.xcassets */; };
		E285503C2AAC3BBC002B9C40 /* LaunchScreen.storyboard in Resources */ = {isa = PBXBuildFile; fileRef = E285503A2AAC3BBC002B9C40 /* LaunchScreen.storyboard */; };
		E28550472AAC3C63002B9C40 /* QuestionViewModel.swift in Sources */ = {isa = PBXBuildFile; fileRef = E28550462AAC3C63002B9C40 /* QuestionViewModel.swift */; };
		E28550492AAC3CA9002B9C40 /* MUserList.swift in Sources */ = {isa = PBXBuildFile; fileRef = E28550482AAC3CA9002B9C40 /* MUserList.swift */; };
/* End PBXBuildFile section */

/* Begin PBXFileReference section */
		E285502C2AAC3BBA002B9C40 /* MVVMArchitecture.app */ = {isa = PBXFileReference; explicitFileType = wrapper.application; includeInIndex = 0; path = MVVMArchitecture.app; sourceTree = BUILT_PRODUCTS_DIR; };
		E285502F2AAC3BBA002B9C40 /* AppDelegate.swift */ = {isa = PBXFileReference; lastKnownFileType = sourcecode.swift; path = AppDelegate.swift; sourceTree = "<group>"; };
		E28550332AAC3BBA002B9C40 /* ViewController.swift */ = {isa = PBXFileReference; lastKnownFileType = sourcecode.swift; path = ViewController.swift; sourceTree = "<group>"; };
		E28550362AAC3BBA002B9C40 /* Base */ = {isa = PBXFileReference; lastKnownFileType = file.storyboard; name = Base; path = Base.lproj/Main.storyboard; sourceTree = "<group>"; };
		E28550382AAC3BBC002B9C40 /* Assets.xcassets */ = {isa = PBXFileReference; lastKnownFileType = folder.assetcatalog; path = Assets.xcassets; sourceTree = "<group>"; };
		E285503B2AAC3BBC002B9C40 /* Base */ = {isa = PBXFileReference; lastKnownFileType = file.storyboard; name = Base; path = Base.lproj/LaunchScreen.storyboard; sourceTree = "<group>"; };
		E285503D2AAC3BBC002B9C40 /* Info.plist */ = {isa = PBXFileReference; lastKnownFileType = text.plist.xml; path = Info.plist; sourceTree = "<group>"; };
		E28550462AAC3C63002B9C40 /* QuestionViewModel.swift */ = {isa = PBXFileReference; lastKnownFileType = sourcecode.swift; path = QuestionViewModel.swift; sourceTree = "<group>"; };
		E28550482AAC3CA9002B9C40 /* MUserList.swift */ = {isa = PBXFileReference; fileEncoding = 4; lastKnownFileType = sourcecode.swift; path = MUserList.swift; sourceTree = "<group>"; };
/* End PBXFileReference section */

/* Begin PBXFrameworksBuildPhase section */
		E28550292AAC3BBA002B9C40 /* Frameworks */ = {
			isa = PBXFrameworksBuildPhase;
			buildActionMask = 2147483647;
			files = (
			);
			runOnlyForDeploymentPostprocessing = 0;
		};
/* End PBXFrameworksBuildPhase section */

/* Begin PBXGroup section */
		E28550232AAC3BB9002B9C40 = {
			isa = PBXGroup;
			children = (
				E285502E2AAC3BBA002B9C40 /* MVVMArchitecture */,
				E285502D2AAC3BBA002B9C40 /* Products */,
			);
			sourceTree = "<group>";
		};
		E285502D2AAC3BBA002B9C40 /* Products */ = {
			isa = PBXGroup;
			children = (
				E285502C2AAC3BBA002B9C40 /* MVVMArchitecture.app */,
			);
			name = Products;
			sourceTree = "<group>";
		};
		E285502E2AAC3BBA002B9C40 /* MVVMArchitecture */ = {
			isa = PBXGroup;
			children = (
				E28550452AAC3C34002B9C40 /* ViewModel */,
				E28550442AAC3C2E002B9C40 /* View */,
				E28550432AAC3C27002B9C40 /* Model */,
				E285502F2AAC3BBA002B9C40 /* AppDelegate.swift */,
				E28550352AAC3BBA002B9C40 /* Main.storyboard */,
				E28550382AAC3BBC002B9C40 /* Assets.xcassets */,
				E285503A2AAC3BBC002B9C40 /* LaunchScreen.storyboard */,
				E285503D2AAC3BBC002B9C40 /* Info.plist */,
			);
			path = MVVMArchitecture;
			sourceTree = "<group>";
		};
		E28550432AAC3C27002B9C40 /* Model */ = {
			isa = PBXGroup;
			children = (
				E28550482AAC3CA9002B9C40 /* MUserList.swift */,
			);
			path = Model;
			sourceTree = "<group>";
		};
		E28550442AAC3C2E002B9C40 /* View */ = {
			isa = PBXGroup;
			children = (
				E28550332AAC3BBA002B9C40 /* ViewController.swift */,
			);
			path = View;
			sourceTree = "<group>";
		};
		E28550452AAC3C34002B9C40 /* ViewModel */ = {
			isa = PBXGroup;
			children = (
				E28550462AAC3C63002B9C40 /* QuestionViewModel.swift */,
			);
			path = ViewModel;
			sourceTree = "<group>";
		};
/* End PBXGroup section */

/* Begin PBXNativeTarget section */
		E285502B2AAC3BBA002B9C40 /* MVVMArchitecture */ = {
			isa = PBXNativeTarget;
			buildConfigurationList = E28550402AAC3BBC002B9C40 /* Build configuration list for PBXNativeTarget "MVVMArchitecture" */;
			buildPhases = (
				E28550282AAC3BBA002B9C40 /* Sources */,
				E28550292AAC3BBA002B9C40 /* Frameworks */,
				E285502A2AAC3BBA002B9C40 /* Resources */,
			);
			buildRules = (
			);
			dependencies = (
			);
			name = MVVMArchitecture;
			productName = MVVMArchitecture;
			productReference = E285502C2AAC3BBA002B9C40 /* MVVMArchitecture.app */;
			productType = "com.apple.product-type.application";
		};
/* End PBXNativeTarget section */

/* Begin PBXProject section */
		E28550242AAC3BB9002B9C40 /* Project object */ = {
			isa = PBXProject;
			attributes = {
				BuildIndependentTargetsInParallel = 1;
				LastSwiftUpdateCheck = 1430;
				LastUpgradeCheck = 1430;
				TargetAttributes = {
					E285502B2AAC3BBA002B9C40 = {
						CreatedOnToolsVersion = 14.3.1;
					};
				};
			};
			buildConfigurationList = E28550272AAC3BB9002B9C40 /* Build configuration list for PBXProject "MVVMArchitecture" */;
			compatibilityVersion = "Xcode 14.0";
			developmentRegion = en;
			hasScannedForEncodings = 0;
			knownRegions = (
				en,
				Base,
			);
			mainGroup = E28550232AAC3BB9002B9C40;
			productRefGroup = E285502D2AAC3BBA002B9C40 /* Products */;
			projectDirPath = "";
			projectRoot = "";
			targets = (
				E285502B2AAC3BBA002B9C40 /* MVVMArchitecture */,
			);
		};
/* End PBXProject section */

/* Begin PBXResourcesBuildPhase section */
		E285502A2AAC3BBA002B9C40 /* Resources */ = {
			isa = PBXResourcesBuildPhase;
			buildActionMask = 2147483647;
			files = (
				E285503C2AAC3BBC002B9C40 /* LaunchScreen.storyboard in Resources */,
				E28550392AAC3BBC002B9C40 /* Assets.xcassets in Resources */,
				E28550372AAC3BBA002B9C40 /* Main.storyboard in Resources */,
			);
			runOnlyForDeploymentPostprocessing = 0;
		};
/* End PBXResourcesBuildPhase section */

/* Begin PBXSourcesBuildPhase section */
		E28550282AAC3BBA002B9C40 /* Sources */ = {
			isa = PBXSourcesBuildPhase;
			buildActionMask = 2147483647;
			files = (
				E28550472AAC3C63002B9C40 /* QuestionViewModel.swift in Sources */,
				E28550342AAC3BBA002B9C40 /* ViewController.swift in Sources */,
				E28550492AAC3CA9002B9C40 /* MUserList.swift in Sources */,
				E28550302AAC3BBA002B9C40 /* AppDelegate.swift in Sources */,
			);
			runOnlyForDeploymentPostprocessing = 0;
		};
/* End PBXSourcesBuildPhase section */

/* Begin PBXVariantGroup section */
		E28550352AAC3BBA002B9C40 /* Main.storyboard */ = {
			isa = PBXVariantGroup;
			children = (
				E28550362AAC3BBA002B9C40 /* Base */,
			);
			name = Main.storyboard;
			sourceTree = "<group>";
		};
		E285503A2AAC3BBC002B9C40 /* LaunchScreen.storyboard */ = {
			isa = PBXVariantGroup;
			children = (
				E285503B2AAC3BBC002B9C40 /* Base */,
			);
			name = LaunchScreen.storyboard;
			sourceTree = "<group>";
		};
/* End PBXVariantGroup section */

/* Begin XCBuildConfiguration section */
		E285503E2AAC3BBC002B9C40 /* Debug */ = {
			isa = XCBuildConfiguration;
			buildSettings = {
				ALWAYS_SEARCH_USER_PATHS = NO;
				CLANG_ANALYZER_NONNULL = YES;
				CLANG_ANALYZER_NUMBER_OBJECT_CONVERSION = YES_AGGRESSIVE;
				CLANG_CXX_LANGUAGE_STANDARD = "gnu++20";
				CLANG_ENABLE_MODULES = YES;
				CLANG_ENABLE_OBJC_ARC = YES;
				CLANG_ENABLE_OBJC_WEAK = YES;
				CLANG_WARN_BLOCK_CAPTURE_AUTORELEASING = YES;
				CLANG_WARN_BOOL_CONVERSION = YES;
				CLANG_WARN_COMMA = YES;
				CLANG_WARN_CONSTANT_CONVERSION = YES;
				CLANG_WARN_DEPRECATED_OBJC_IMPLEMENTATIONS = YES;
				CLANG_WARN_DIRECT_OBJC_ISA_USAGE = YES_ERROR;
				CLANG_WARN_DOCUMENTATION_COMMENTS = YES;
				CLANG_WARN_EMPTY_BODY = YES;
				CLANG_WARN_ENUM_CONVERSION = YES;
				CLANG_WARN_INFINITE_RECURSION = YES;
				CLANG_WARN_INT_CONVERSION = YES;
				CLANG_WARN_NON_LITERAL_NULL_CONVERSION = YES;
				CLANG_WARN_OBJC_IMPLICIT_RETAIN_SELF = YES;
				CLANG_WARN_OBJC_LITERAL_CONVERSION = YES;
				CLANG_WARN_OBJC_ROOT_CLASS = YES_ERROR;
				CLANG_WARN_QUOTED_INCLUDE_IN_FRAMEWORK_HEADER = YES;
				CLANG_WARN_RANGE_LOOP_ANALYSIS = YES;
				CLANG_WARN_STRICT_PROTOTYPES = YES;
				CLANG_WARN_SUSPICIOUS_MOVE = YES;
				CLANG_WARN_UNGUARDED_AVAILABILITY = YES_AGGRESSIVE;
				CLANG_WARN_UNREACHABLE_CODE = YES;
				CLANG_WARN__DUPLICATE_METHOD_MATCH = YES;
				COPY_PHASE_STRIP = NO;
				DEBUG_INFORMATION_FORMAT = dwarf;
				ENABLE_STRICT_OBJC_MSGSEND = YES;
				ENABLE_TESTABILITY = YES;
				GCC_C_LANGUAGE_STANDARD = gnu11;
				GCC_DYNAMIC_NO_PIC = NO;
				GCC_NO_COMMON_BLOCKS = YES;
				GCC_OPTIMIZATION_LEVEL = 0;
				GCC_PREPROCESSOR_DEFINITIONS = (
					"DEBUG=1",
					"$(inherited)",
				);
				GCC_WARN_64_TO_32_BIT_CONVERSION = YES;
				GCC_WARN_ABOUT_RETURN_TYPE = YES_ERROR;
				GCC_WARN_UNDECLARED_SELECTOR = YES;
				GCC_WARN_UNINITIALIZED_AUTOS = YES_AGGRESSIVE;
				GCC_WARN_UNUSED_FUNCTION = YES;
				GCC_WARN_UNUSED_VARIABLE = YES;
				IPHONEOS_DEPLOYMENT_TARGET = 16.4;
				MTL_ENABLE_DEBUG_INFO = INCLUDE_SOURCE;
				MTL_FAST_MATH = YES;
				ONLY_ACTIVE_ARCH = YES;
				SDKROOT = iphoneos;
				SWIFT_ACTIVE_COMPILATION_CONDITIONS = DEBUG;
				SWIFT_OPTIMIZATION_LEVEL = "-Onone";
			};
			name = Debug;
		};
		E285503F2AAC3BBC002B9C40 /* Release */ = {
			isa = XCBuildConfiguration;
			buildSettings = {
				ALWAYS_SEARCH_USER_PATHS = NO;
				CLANG_ANALYZER_NONNULL = YES;
				CLANG_ANALYZER_NUMBER_OBJECT_CONVERSION = YES_AGGRESSIVE;
				CLANG_CXX_LANGUAGE_STANDARD = "gnu++20";
				CLANG_ENABLE_MODULES = YES;
				CLANG_ENABLE_OBJC_ARC = YES;
				CLANG_ENABLE_OBJC_WEAK = YES;
				CLANG_WARN_BLOCK_CAPTURE_AUTORELEASING = YES;
				CLANG_WARN_BOOL_CONVERSION = YES;
				CLANG_WARN_COMMA = YES;
				CLANG_WARN_CONSTANT_CONVERSION = YES;
				CLANG_WARN_DEPRECATED_OBJC_IMPLEMENTATIONS = YES;
				CLANG_WARN_DIRECT_OBJC_ISA_USAGE = YES_ERROR;
				CLANG_WARN_DOCUMENTATION_COMMENTS = YES;
				CLANG_WARN_EMPTY_BODY = YES;
				CLANG_WARN_ENUM_CONVERSION = YES;
				CLANG_WARN_INFINITE_RECURSION = YES;
				CLANG_WARN_INT_CONVERSION = YES;
				CLANG_WARN_NON_LITERAL_NULL_CONVERSION = YES;
				CLANG_WARN_OBJC_IMPLICIT_RETAIN_SELF = YES;
				CLANG_WARN_OBJC_LITERAL_CONVERSION = YES;
				CLANG_WARN_OBJC_ROOT_CLASS = YES_ERROR;
				CLANG_WARN_QUOTED_INCLUDE_IN_FRAMEWORK_HEADER = YES;
				CLANG_WARN_RANGE_LOOP_ANALYSIS = YES;
				CLANG_WARN_STRICT_PROTOTYPES = YES;
				CLANG_WARN_SUSPICIOUS_MOVE = YES;
				CLANG_WARN_UNGUARDED_AVAILABILITY = YES_AGGRESSIVE;
				CLANG_WARN_UNREACHABLE_CODE = YES;
				CLANG_WARN__DUPLICATE_METHOD_MATCH = YES;
				COPY_PHASE_STRIP = NO;
				DEBUG_INFORMATION_FORMAT = "dwarf-with-dsym";
				ENABLE_NS_ASSERTIONS = NO;
				ENABLE_STRICT_OBJC_MSGSEND = YES;
				GCC_C_LANGUAGE_STANDARD = gnu11;
				GCC_NO_COMMON_BLOCKS = YES;
				GCC_WARN_64_TO_32_BIT_CONVERSION = YES;
				GCC_WARN_ABOUT_RETURN_TYPE = YES_ERROR;
				GCC_WARN_UNDECLARED_SELECTOR = YES;
				GCC_WARN_UNINITIALIZED_AUTOS = YES_AGGRESSIVE;
				GCC_WARN_UNUSED_FUNCTION = YES;
				GCC_WARN_UNUSED_VARIABLE = YES;
				IPHONEOS_DEPLOYMENT_TARGET = 16.4;
				MTL_ENABLE_DEBUG_INFO = NO;
				MTL_FAST_MATH = YES;
				SDKROOT = iphoneos;
				SWIFT_COMPILATION_MODE = wholemodule;
				SWIFT_OPTIMIZATION_LEVEL = "-O";
				VALIDATE_PRODUCT = YES;
			};
			name = Release;
		};
		E28550412AAC3BBC002B9C40 /* Debug */ = {
			isa = XCBuildConfiguration;
			buildSettings = {
				ASSETCATALOG_COMPILER_APPICON_NAME = AppIcon;
				ASSETCATALOG_COMPILER_GLOBAL_ACCENT_COLOR_NAME = AccentColor;
				CODE_SIGN_STYLE = Automatic;
				CURRENT_PROJECT_VERSION = 1;
				GENERATE_INFOPLIST_FILE = YES;
				INFOPLIST_FILE = MVVMArchitecture/Info.plist;
				INFOPLIST_KEY_UIApplicationSupportsIndirectInputEvents = YES;
				INFOPLIST_KEY_UILaunchStoryboardName = LaunchScreen;
				INFOPLIST_KEY_UIMainStoryboardFile = Main;
				INFOPLIST_KEY_UISupportedInterfaceOrientations_iPad = "UIInterfaceOrientationPortrait UIInterfaceOrientationPortraitUpsideDown UIInterfaceOrientationLandscapeLeft UIInterfaceOrientationLandscapeRight";
				INFOPLIST_KEY_UISupportedInterfaceOrientations_iPhone = "UIInterfaceOrientationPortrait UIInterfaceOrientationLandscapeLeft UIInterfaceOrientationLandscapeRight";
				LD_RUNPATH_SEARCH_PATHS = (
					"$(inherited)",
					"@executable_path/Frameworks",
				);
				MARKETING_VERSION = 1.0;
				PRODUCT_BUNDLE_IDENTIFIER = com.app.MVVMArchitecture;
				PRODUCT_NAME = "$(TARGET_NAME)";
				SWIFT_EMIT_LOC_STRINGS = YES;
				SWIFT_VERSION = 5.0;
				TARGETED_DEVICE_FAMILY = "1,2";
			};
			name = Debug;
		};
		E28550422AAC3BBC002B9C40 /* Release */ = {
			isa = XCBuildConfiguration;
			buildSettings = {
				ASSETCATALOG_COMPILER_APPICON_NAME = AppIcon;
				ASSETCATALOG_COMPILER_GLOBAL_ACCENT_COLOR_NAME = AccentColor;
				CODE_SIGN_STYLE = Automatic;
				CURRENT_PROJECT_VERSION = 1;
				GENERATE_INFOPLIST_FILE = YES;
				INFOPLIST_FILE = MVVMArchitecture/Info.plist;
				INFOPLIST_KEY_UIApplicationSupportsIndirectInputEvents = YES;
				INFOPLIST_KEY_UILaunchStoryboardName = LaunchScreen;
				INFOPLIST_KEY_UIMainStoryboardFile = Main;
				INFOPLIST_KEY_UISupportedInterfaceOrientations_iPad = "UIInterfaceOrientationPortrait UIInterfaceOrientationPortraitUpsideDown UIInterfaceOrientationLandscapeLeft UIInterfaceOrientationLandscapeRight";
				INFOPLIST_KEY_UISupportedInterfaceOrientations_iPhone = "UIInterfaceOrientationPortrait UIInterfaceOrientationLandscapeLeft UIInterfaceOrientationLandscapeRight";
				LD_RUNPATH_SEARCH_PATHS = (
					"$(inherited)",
					"@executable_path/Frameworks",
				);
				MARKETING_VERSION = 1.0;
				PRODUCT_BUNDLE_IDENTIFIER = com.app.MVVMArchitecture;
				PRODUCT_NAME = "$(TARGET_NAME)";
				SWIFT_EMIT_LOC_STRINGS = YES;
				SWIFT_VERSION = 5.0;
				TARGETED_DEVICE_FAMILY = "1,2";
			};
			name = Release;
		};
/* End XCBuildConfiguration section */

/* Begin XCConfigurationList section */
		E28550272AAC3BB9002B9C40 /* Build configuration list for PBXProject "MVVMArchitecture" */ = {
			isa = XCConfigurationList;
			buildConfigurations = (
				E285503E2AAC3BBC002B9C40 /* Debug */,
				E285503F2AAC3BBC002B9C40 /* Release */,
			);
			defaultConfigurationIsVisible = 0;
			defaultConfigurationName = Release;
		};
		E28550402AAC3BBC002B9C40 /* Build configuration list for PBXNativeTarget "MVVMArchitecture" */ = {
			isa = XCConfigurationList;
			buildConfigurations = (
				E28550412AAC3BBC002B9C40 /* Debug */,
				E28550422AAC3BBC002B9C40 /* Release */,
			);
			defaultConfigurationIsVisible = 0;
			defaultConfigurationName = Release;
		};
/* End XCConfigurationList section */
	};
	rootObject = E28550242AAC3BB9002B9C40 /* Project object */;
}
